// !$*UTF8*$!
{
	archiveVersion = 1;
	classes = {
	};
	objectVersion = 46;
	objects = {

/* Begin PBXBuildFile section */
		175E04762014DCBD004DB4F8 /* AppDelegate.swift in Sources */ = {isa = PBXBuildFile; fileRef = 175E04752014DCBD004DB4F8 /* AppDelegate.swift */; };
		175E04782014DCBD004DB4F8 /* ViewController.swift in Sources */ = {isa = PBXBuildFile; fileRef = 175E04772014DCBD004DB4F8 /* ViewController.swift */; };
		175E047B2014DCBD004DB4F8 /* Main.storyboard in Resources */ = {isa = PBXBuildFile; fileRef = 175E04792014DCBD004DB4F8 /* Main.storyboard */; };
		175E047D2014DCBD004DB4F8 /* Assets.xcassets in Resources */ = {isa = PBXBuildFile; fileRef = 175E047C2014DCBD004DB4F8 /* Assets.xcassets */; };
		175E04802014DCBD004DB4F8 /* LaunchScreen.storyboard in Resources */ = {isa = PBXBuildFile; fileRef = 175E047E2014DCBD004DB4F8 /* LaunchScreen.storyboard */; };
		175E04882014FD7C004DB4F8 /* imageCell.swift in Sources */ = {isa = PBXBuildFile; fileRef = 175E04872014FD7C004DB4F8 /* imageCell.swift */; };
		175E048A2014FDED004DB4F8 /* SwitchImageCell.swift in Sources */ = {isa = PBXBuildFile; fileRef = 175E04892014FDED004DB4F8 /* SwitchImageCell.swift */; };
/* End PBXBuildFile section */

/* Begin PBXFileReference section */
		175E04722014DCBD004DB4F8 /* iOS_Settings.app */ = {isa = PBXFileReference; explicitFileType = wrapper.application; includeInIndex = 0; path = iOS_Settings.app; sourceTree = BUILT_PRODUCTS_DIR; };
		175E04752014DCBD004DB4F8 /* AppDelegate.swift */ = {isa = PBXFileReference; lastKnownFileType = sourcecode.swift; path = AppDelegate.swift; sourceTree = "<group>"; };
		175E04772014DCBD004DB4F8 /* ViewController.swift */ = {isa = PBXFileReference; lastKnownFileType = sourcecode.swift; path = ViewController.swift; sourceTree = "<group>"; };
		175E047A2014DCBD004DB4F8 /* Base */ = {isa = PBXFileReference; lastKnownFileType = file.storyboard; name = Base; path = Base.lproj/Main.storyboard; sourceTree = "<group>"; };
		175E047C2014DCBD004DB4F8 /* Assets.xcassets */ = {isa = PBXFileReference; lastKnownFileType = folder.assetcatalog; path = Assets.xcassets; sourceTree = "<group>"; };
		175E047F2014DCBD004DB4F8 /* Base */ = {isa = PBXFileReference; lastKnownFileType = file.storyboard; name = Base; path = Base.lproj/LaunchScreen.storyboard; sourceTree = "<group>"; };
		175E04812014DCBD004DB4F8 /* Info.plist */ = {isa = PBXFileReference; lastKnownFileType = text.plist.xml; path = Info.plist; sourceTree = "<group>"; };
		175E04872014FD7C004DB4F8 /* imageCell.swift */ = {isa = PBXFileReference; fileEncoding = 4; lastKnownFileType = sourcecode.swift; path = imageCell.swift; sourceTree = "<group>"; };
		175E04892014FDED004DB4F8 /* SwitchImageCell.swift */ = {isa = PBXFileReference; fileEncoding = 4; lastKnownFileType = sourcecode.swift; path = SwitchImageCell.swift; sourceTree = "<group>"; };
/* End PBXFileReference section */

/* Begin PBXFrameworksBuildPhase section */
		175E046F2014DCBD004DB4F8 /* Frameworks */ = {
			isa = PBXFrameworksBuildPhase;
			buildActionMask = 2147483647;
			files = (
			);
			runOnlyForDeploymentPostprocessing = 0;
		};
/* End PBXFrameworksBuildPhase section */

/* Begin PBXGroup section */
		175E04692014DCBD004DB4F8 = {
			isa = PBXGroup;
			children = (
				175E04742014DCBD004DB4F8 /* iOS_Settings */,
				175E04732014DCBD004DB4F8 /* Products */,
			);
			sourceTree = "<group>";
		};
		175E04732014DCBD004DB4F8 /* Products */ = {
			isa = PBXGroup;
			children = (
				175E04722014DCBD004DB4F8 /* iOS_Settings.app */,
			);
			name = Products;
			sourceTree = "<group>";
		};
		175E04742014DCBD004DB4F8 /* iOS_Settings */ = {
			isa = PBXGroup;
			children = (
				175E04752014DCBD004DB4F8 /* AppDelegate.swift */,
				175E04772014DCBD004DB4F8 /* ViewController.swift */,
				175E04872014FD7C004DB4F8 /* imageCell.swift */,
				175E04892014FDED004DB4F8 /* SwitchImageCell.swift */,
				175E04792014DCBD004DB4F8 /* Main.storyboard */,
				175E047C2014DCBD004DB4F8 /* Assets.xcassets */,
				175E047E2014DCBD004DB4F8 /* LaunchScreen.storyboard */,
				175E04812014DCBD004DB4F8 /* Info.plist */,
			);
			path = iOS_Settings;
			sourceTree = "<group>";
		};
/* End PBXGroup section */

/* Begin PBXNativeTarget section */
		175E04712014DCBD004DB4F8 /* iOS_Settings */ = {
			isa = PBXNativeTarget;
			buildConfigurationList = 175E04842014DCBD004DB4F8 /* Build configuration list for PBXNativeTarget "iOS_Settings" */;
			buildPhases = (
				175E046E2014DCBD004DB4F8 /* Sources */,
				175E046F2014DCBD004DB4F8 /* Frameworks */,
				175E04702014DCBD004DB4F8 /* Resources */,
			);
			buildRules = (
			);
			dependencies = (
			);
			name = iOS_Settings;
			productName = iOS_Settings;
			productReference = 175E04722014DCBD004DB4F8 /* iOS_Settings.app */;
			productType = "com.apple.product-type.application";
		};
/* End PBXNativeTarget section */

/* Begin PBXProject section */
		175E046A2014DCBD004DB4F8 /* Project object */ = {
			isa = PBXProject;
			attributes = {
				LastSwiftUpdateCheck = 0820;
				LastUpgradeCheck = 0820;
				ORGANIZATIONNAME = Rahul;
				TargetAttributes = {
					175E04712014DCBD004DB4F8 = {
						CreatedOnToolsVersion = 8.2.1;
						ProvisioningStyle = Automatic;
					};
				};
			};
			buildConfigurationList = 175E046D2014DCBD004DB4F8 /* Build configuration list for PBXProject "iOS_Settings" */;
			compatibilityVersion = "Xcode 3.2";
			developmentRegion = English;
			hasScannedForEncodings = 0;
			knownRegions = (
				en,
				Base,
			);
			mainGroup = 175E04692014DCBD004DB4F8;
			productRefGroup = 175E04732014DCBD004DB4F8 /* Products */;
			projectDirPath = "";
			projectRoot = "";
			targets = (
				175E04712014DCBD004DB4F8 /* iOS_Settings */,
			);
		};
/* End PBXProject section */

/* Begin PBXResourcesBuildPhase section */
		175E04702014DCBD004DB4F8 /* Resources */ = {
			isa = PBXResourcesBuildPhase;
			buildActionMask = 2147483647;
			files = (
				175E04802014DCBD004DB4F8 /* LaunchScreen.storyboard in Resources */,
				175E047D2014DCBD004DB4F8 /* Assets.xcassets in Resources */,
				175E047B2014DCBD004DB4F8 /* Main.storyboard in Resources */,
			);
			runOnlyForDeploymentPostprocessing = 0;
		};
/* End PBXResourcesBuildPhase section */

/* Begin PBXSourcesBuildPhase section */
		175E046E2014DCBD004DB4F8 /* Sources */ = {
			isa = PBXSourcesBuildPhase;
			buildActionMask = 2147483647;
			files = (
				175E04782014DCBD004DB4F8 /* ViewController.swift in Sources */,
				175E048A2014FDED004DB4F8 /* SwitchImageCell.swift in Sources */,
				175E04882014FD7C004DB4F8 /* imageCell.swift in Sources */,
				175E04762014DCBD004DB4F8 /* AppDelegate.swift in Sources */,
			);
			runOnlyForDeploymentPostprocessing = 0;
		};
/* End PBXSourcesBuildPhase section */

/* Begin PBXVariantGroup section */
		175E04792014DCBD004DB4F8 /* Main.storyboard */ = {
			isa = PBXVariantGroup;
			children = (
				175E047A2014DCBD004DB4F8 /* Base */,
			);
			name = Main.storyboard;
			sourceTree = "<group>";
		};
		175E047E2014DCBD004DB4F8 /* LaunchScreen.storyboard */ = {
			isa = PBXVariantGroup;
			children = (
				175E047F2014DCBD004DB4F8 /* Base */,
			);
			name = LaunchScreen.storyboard;
			sourceTree = "<group>";
		};
/* End PBXVariantGroup section */

/* Begin XCBuildConfiguration section */
		175E04822014DCBD004DB4F8 /* Debug */ = {
			isa = XCBuildConfiguration;
			buildSettings = {
				ALWAYS_SEARCH_USER_PATHS = NO;
				CLANG_ANALYZER_NONNULL = YES;
				CLANG_CXX_LANGUAGE_STANDARD = "gnu++0x";
				CLANG_CXX_LIBRARY = "libc++";
				CLANG_ENABLE_MODULES = YES;
				CLANG_ENABLE_OBJC_ARC = YES;
				CLANG_WARN_BOOL_CONVERSION = YES;
				CLANG_WARN_CONSTANT_CONVERSION = YES;
				CLANG_WARN_DIRECT_OBJC_ISA_USAGE = YES_ERROR;
				CLANG_WARN_DOCUMENTATION_COMMENTS = YES;
				CLANG_WARN_EMPTY_BODY = YES;
				CLANG_WARN_ENUM_CONVERSION = YES;
				CLANG_WARN_INFINITE_RECURSION = YES;
				CLANG_WARN_INT_CONVERSION = YES;
				CLANG_WARN_OBJC_ROOT_CLASS = YES_ERROR;
				CLANG_WARN_SUSPICIOUS_MOVE = YES;
				CLANG_WARN_UNREACHABLE_CODE = YES;
				CLANG_WARN__DUPLICATE_METHOD_MATCH = YES;
				"CODE_SIGN_IDENTITY[sdk=iphoneos*]" = "iPhone Developer";
				COPY_PHASE_STRIP = NO;
				DEBUG_INFORMATION_FORMAT = dwarf;
				ENABLE_STRICT_OBJC_MSGSEND = YES;
				ENABLE_TESTABILITY = YES;
				GCC_C_LANGUAGE_STANDARD = gnu99;
				GCC_DYNAMIC_NO_PIC = NO;
				GCC_NO_COMMON_BLOCKS = YES;
				GCC_OPTIMIZATION_LEVEL = 0;
				GCC_PREPROCESSOR_DEFINITIONS = (
					"DEBUG=1",
					"$(inherited)",
				);
				GCC_WARN_64_TO_32_BIT_CONVERSION = YES;
				GCC_WARN_ABOUT_RETURN_TYPE = YES_ERROR;
				GCC_WARN_UNDECLARED_SELECTOR = YES;
				GCC_WARN_UNINITIALIZED_AUTOS = YES_AGGRESSIVE;
				GCC_WARN_UNUSED_FUNCTION = YES;
				GCC_WARN_UNUSED_VARIABLE = YES;
				IPHONEOS_DEPLOYMENT_TARGET = 10.2;
				MTL_ENABLE_DEBUG_INFO = YES;
				ONLY_ACTIVE_ARCH = YES;
				SDKROOT = iphoneos;
				SWIFT_ACTIVE_COMPILATION_CONDITIONS = DEBUG;
				SWIFT_OPTIMIZATION_LEVEL = "-Onone";
				TARGETED_DEVICE_FAMILY = "1,2";
			};
			name = Debug;
		};
		175E04832014DCBD004DB4F8 /* Release */ = {
			isa = XCBuildConfiguration;
			buildSettings = {
				ALWAYS_SEARCH_USER_PATHS = NO;
				CLANG_ANALYZER_NONNULL = YES;
				CLANG_CXX_LANGUAGE_STANDARD = "gnu++0x";
				CLANG_CXX_LIBRARY = "libc++";
				CLANG_ENABLE_MODULES = YES;
				CLANG_ENABLE_OBJC_ARC = YES;
				CLANG_WARN_BOOL_CONVERSION = YES;
				CLANG_WARN_CONSTANT_CONVERSION = YES;
				CLANG_WARN_DIRECT_OBJC_ISA_USAGE = YES_ERROR;
				CLANG_WARN_DOCUMENTATION_COMMENTS = YES;
				CLANG_WARN_EMPTY_BODY = YES;
				CLANG_WARN_ENUM_CONVERSION = YES;
				CLANG_WARN_INFINITE_RECURSION = YES;
				CLANG_WARN_INT_CONVERSION = YES;
				CLANG_WARN_OBJC_ROOT_CLASS = YES_ERROR;
				CLANG_WARN_SUSPICIOUS_MOVE = YES;
				CLANG_WARN_UNREACHABLE_CODE = YES;
				CLANG_WARN__DUPLICATE_METHOD_MATCH = YES;
				"CODE_SIGN_IDENTITY[sdk=iphoneos*]" = "iPhone Developer";
				COPY_PHASE_STRIP = NO;
				DEBUG_INFORMATION_FORMAT = "dwarf-with-dsym";
				ENABLE_NS_ASSERTIONS = NO;
				ENABLE_STRICT_OBJC_MSGSEND = YES;
				GCC_C_LANGUAGE_STANDARD = gnu99;
				GCC_NO_COMMON_BLOCKS = YES;
				GCC_WARN_64_TO_32_BIT_CONVERSION = YES;
				GCC_WARN_ABOUT_RETURN_TYPE = YES_ERROR;
				GCC_WARN_UNDECLARED_SELECTOR = YES;
				GCC_WARN_UNINITIALIZED_AUTOS = YES_AGGRESSIVE;
				GCC_WARN_UNUSED_FUNCTION = YES;
				GCC_WARN_UNUSED_VARIABLE = YES;
				IPHONEOS_DEPLOYMENT_TARGET = 10.2;
				MTL_ENABLE_DEBUG_INFO = NO;
				SDKROOT = iphoneos;
				SWIFT_OPTIMIZATION_LEVEL = "-Owholemodule";
				TARGETED_DEVICE_FAMILY = "1,2";
				VALIDATE_PRODUCT = YES;
			};
			name = Release;
		};
		175E04852014DCBD004DB4F8 /* Debug */ = {
			isa = XCBuildConfiguration;
			buildSettings = {
				ASSETCATALOG_COMPILER_APPICON_NAME = AppIcon;
				INFOPLIST_FILE = iOS_Settings/Info.plist;
				LD_RUNPATH_SEARCH_PATHS = "$(inherited) @executable_path/Frameworks";
				PRODUCT_BUNDLE_IDENTIFIER = "rahul.iOS-Settings";
				PRODUCT_NAME = "$(TARGET_NAME)";
				SWIFT_VERSION = 3.0;
			};
			name = Debug;
		};
		175E04862014DCBD004DB4F8 /* Release */ = {
			isa = XCBuildConfiguration;
			buildSettings = {
				ASSETCATALOG_COMPILER_APPICON_NAME = AppIcon;
				INFOPLIST_FILE = iOS_Settings/Info.plist;
				LD_RUNPATH_SEARCH_PATHS = "$(inherited) @executable_path/Frameworks";
				PRODUCT_BUNDLE_IDENTIFIER = "rahul.iOS-Settings";
				PRODUCT_NAME = "$(TARGET_NAME)";
				SWIFT_VERSION = 3.0;
			};
			name = Release;
		};
/* End XCBuildConfiguration section */

/* Begin XCConfigurationList section */
		175E046D2014DCBD004DB4F8 /* Build configuration list for PBXProject "iOS_Settings" */ = {
			isa = XCConfigurationList;
			buildConfigurations = (
				175E04822014DCBD004DB4F8 /* Debug */,
				175E04832014DCBD004DB4F8 /* Release */,
			);
			defaultConfigurationIsVisible = 0;
			defaultConfigurationName = Release;
		};
		175E04842014DCBD004DB4F8 /* Build configuration list for PBXNativeTarget "iOS_Settings" */ = {
			isa = XCConfigurationList;
			buildConfigurations = (
				175E04852014DCBD004DB4F8 /* Debug */,
				175E04862014DCBD004DB4F8 /* Release */,
			);
			defaultConfigurationIsVisible = 0;
		};
/* End XCConfigurationList section */
	};
	rootObject = 175E046A2014DCBD004DB4F8 /* Project object */;
}
